
Microsoft Visual Studio Solution File, Format Version 12.00
# Visual Studio Version 17
VisualStudioVersion = 17.3.32901.215
MinimumVisualStudioVersion = 10.0.40219.1
Project("{FAE04EC0-301F-11D3-BF4B-00C04F79EFBC}") = "InfoSec4", "InfoSec4\InfoSec4.csproj", "{8C676BA1-6C50-4547-8055-141C873A73AB}"
EndProject
Project("{FAE04EC0-301F-11D3-BF4B-00C04F79EFBC}") = "InfoSec4Receiver", "InfoSec4Receiver\InfoSec4Receiver.csproj", "{2AE4FA46-8E92-49B5-BB12-9629089EDD54}"
EndProject
Global
	GlobalSection(SolutionConfigurationPlatforms) = preSolution
		Debug|Any CPU = Debug|Any CPU
		Release|Any CPU = Release|Any CPU
	EndGlobalSection
	GlobalSection(ProjectConfigurationPlatforms) = postSolution
		{8C676BA1-6C50-4547-8055-141C873A73AB}.Debug|Any CPU.ActiveCfg = Debug|Any CPU
		{8C676BA1-6C50-4547-8055-141C873A73AB}.Debug|Any CPU.Build.0 = Debug|Any CPU
		{8C676BA1-6C50-4547-8055-141C873A73AB}.Release|Any CPU.ActiveCfg = Release|Any CPU
		{8C676BA1-6C50-4547-8055-141C873A73AB}.Release|Any CPU.Build.0 = Release|Any CPU
		{2AE4FA46-8E92-49B5-BB12-9629089EDD54}.Debug|Any CPU.ActiveCfg = Debug|Any CPU
		{2AE4FA46-8E92-49B5-BB12-9629089EDD54}.Debug|Any CPU.Build.0 = Debug|Any CPU
		{2AE4FA46-8E92-49B5-BB12-9629089EDD54}.Release|Any CPU.ActiveCfg = Release|Any CPU
		{2AE4FA46-8E92-49B5-BB12-9629089EDD54}.Release|Any CPU.Build.0 = Release|Any CPU
	EndGlobalSection
	GlobalSection(SolutionProperties) = preSolution
		HideSolutionNode = FALSE
	EndGlobalSection
	GlobalSection(ExtensibilityGlobals) = postSolution
		SolutionGuid = {0269A23B-EF81-4187-B141-56E3849BDBF3}
	EndGlobalSection
EndGlobal
